Microsoft Visual Studio Solution File, Format Version 12.00
# Visual Studio Version 17
VisualStudioVersion = 17.5.2.0
MinimumVisualStudioVersion = 10.0.40219.1
Project("{FAE04EC0-301F-11D3-BF4B-00C04F79EFBC}") = "TopPerformingDepartment", "TopPerformingDepartment.csproj", "{ED7C2FF5-7A4B-6210-152B-C699B67CCF59}"
EndProject
Global
	GlobalSection(SolutionConfigurationPlatforms) = preSolution
		Debug|Any CPU = Debug|Any CPU
		Release|Any CPU = Release|Any CPU
	EndGlobalSection
	GlobalSection(ProjectConfigurationPlatforms) = postSolution
		{ED7C2FF5-7A4B-6210-152B-C699B67CCF59}.Debug|Any CPU.ActiveCfg = Debug|Any CPU
		{ED7C2FF5-7A4B-6210-152B-C699B67CCF59}.Debug|Any CPU.Build.0 = Debug|Any CPU
		{ED7C2FF5-7A4B-6210-152B-C699B67CCF59}.Release|Any CPU.ActiveCfg = Release|Any CPU
		{ED7C2FF5-7A4B-6210-152B-C699B67CCF59}.Release|Any CPU.Build.0 = Release|Any CPU
	EndGlobalSection
	GlobalSection(SolutionProperties) = preSolution
		HideSolutionNode = FALSE
	EndGlobalSection
	GlobalSection(ExtensibilityGlobals) = postSolution
		SolutionGuid = {6E6529B0-5DD6-4542-A07E-51161F84F60A}
	EndGlobalSection
EndGlobal
