Microsoft Visual Studio Solution File, Format Version 12.00
# Visual Studio Version 17
VisualStudioVersion = 17.5.2.0
MinimumVisualStudioVersion = 10.0.40219.1
Project("{FAE04EC0-301F-11D3-BF4B-00C04F79EFBC}") = "WordFrequencyAnalyzer", "WordFrequencyAnalyzer.csproj", "{EE563E35-C38E-455F-2EE2-4371B5A36F03}"
EndProject
Global
	GlobalSection(SolutionConfigurationPlatforms) = preSolution
		Debug|Any CPU = Debug|Any CPU
		Release|Any CPU = Release|Any CPU
	EndGlobalSection
	GlobalSection(ProjectConfigurationPlatforms) = postSolution
		{EE563E35-C38E-455F-2EE2-4371B5A36F03}.Debug|Any CPU.ActiveCfg = Debug|Any CPU
		{EE563E35-C38E-455F-2EE2-4371B5A36F03}.Debug|Any CPU.Build.0 = Debug|Any CPU
		{EE563E35-C38E-455F-2EE2-4371B5A36F03}.Release|Any CPU.ActiveCfg = Release|Any CPU
		{EE563E35-C38E-455F-2EE2-4371B5A36F03}.Release|Any CPU.Build.0 = Release|Any CPU
	EndGlobalSection
	GlobalSection(SolutionProperties) = preSolution
		HideSolutionNode = FALSE
	EndGlobalSection
	GlobalSection(ExtensibilityGlobals) = postSolution
		SolutionGuid = {A4E57D08-96F6-4FD2-9463-F485B7827D1D}
	EndGlobalSection
EndGlobal
