Microsoft Visual Studio Solution File, Format Version 12.00
# Visual Studio Version 17
VisualStudioVersion = 17.5.2.0
MinimumVisualStudioVersion = 10.0.40219.1
Project("{FAE04EC0-301F-11D3-BF4B-00C04F79EFBC}") = "BikeRentalShop", "BikeRentalShop.csproj", "{F23916C7-9758-F998-97E6-F91C46F21278}"
EndProject
Global
	GlobalSection(SolutionConfigurationPlatforms) = preSolution
		Debug|Any CPU = Debug|Any CPU
		Release|Any CPU = Release|Any CPU
	EndGlobalSection
	GlobalSection(ProjectConfigurationPlatforms) = postSolution
		{F23916C7-9758-F998-97E6-F91C46F21278}.Debug|Any CPU.ActiveCfg = Debug|Any CPU
		{F23916C7-9758-F998-97E6-F91C46F21278}.Debug|Any CPU.Build.0 = Debug|Any CPU
		{F23916C7-9758-F998-97E6-F91C46F21278}.Release|Any CPU.ActiveCfg = Release|Any CPU
		{F23916C7-9758-F998-97E6-F91C46F21278}.Release|Any CPU.Build.0 = Release|Any CPU
	EndGlobalSection
	GlobalSection(SolutionProperties) = preSolution
		HideSolutionNode = FALSE
	EndGlobalSection
	GlobalSection(ExtensibilityGlobals) = postSolution
		SolutionGuid = {7202BD9A-5CD4-4DEB-96A6-60E4042345F5}
	EndGlobalSection
EndGlobal
