Microsoft Visual Studio Solution File, Format Version 12.00
# Visual Studio Version 17
VisualStudioVersion = 17.5.2.0
MinimumVisualStudioVersion = 10.0.40219.1
Project("{FAE04EC0-301F-11D3-BF4B-00C04F79EFBC}") = "Day6Assignment1", "Day6Assignment1.csproj", "{C8709871-A972-86FC-BB26-0DCB66619C44}"
EndProject
Global
	GlobalSection(SolutionConfigurationPlatforms) = preSolution
		Debug|Any CPU = Debug|Any CPU
		Release|Any CPU = Release|Any CPU
	EndGlobalSection
	GlobalSection(ProjectConfigurationPlatforms) = postSolution
		{C8709871-A972-86FC-BB26-0DCB66619C44}.Debug|Any CPU.ActiveCfg = Debug|Any CPU
		{C8709871-A972-86FC-BB26-0DCB66619C44}.Debug|Any CPU.Build.0 = Debug|Any CPU
		{C8709871-A972-86FC-BB26-0DCB66619C44}.Release|Any CPU.ActiveCfg = Release|Any CPU
		{C8709871-A972-86FC-BB26-0DCB66619C44}.Release|Any CPU.Build.0 = Release|Any CPU
	EndGlobalSection
	GlobalSection(SolutionProperties) = preSolution
		HideSolutionNode = FALSE
	EndGlobalSection
	GlobalSection(ExtensibilityGlobals) = postSolution
		SolutionGuid = {4361FF7B-9A36-4D18-A4DB-CF1D41F16764}
	EndGlobalSection
EndGlobal
