Microsoft Visual Studio Solution File, Format Version 12.00
# Visual Studio Version 17
VisualStudioVersion = 17.5.2.0
MinimumVisualStudioVersion = 10.0.40219.1
Project("{FAE04EC0-301F-11D3-BF4B-00C04F79EFBC}") = "LINQ_Problem1", "LINQ_Problem1.csproj", "{C28B07E5-3CCE-600C-398A-D51FA76DD4D0}"
EndProject
Global
	GlobalSection(SolutionConfigurationPlatforms) = preSolution
		Debug|Any CPU = Debug|Any CPU
		Release|Any CPU = Release|Any CPU
	EndGlobalSection
	GlobalSection(ProjectConfigurationPlatforms) = postSolution
		{C28B07E5-3CCE-600C-398A-D51FA76DD4D0}.Debug|Any CPU.ActiveCfg = Debug|Any CPU
		{C28B07E5-3CCE-600C-398A-D51FA76DD4D0}.Debug|Any CPU.Build.0 = Debug|Any CPU
		{C28B07E5-3CCE-600C-398A-D51FA76DD4D0}.Release|Any CPU.ActiveCfg = Release|Any CPU
		{C28B07E5-3CCE-600C-398A-D51FA76DD4D0}.Release|Any CPU.Build.0 = Release|Any CPU
	EndGlobalSection
	GlobalSection(SolutionProperties) = preSolution
		HideSolutionNode = FALSE
	EndGlobalSection
	GlobalSection(ExtensibilityGlobals) = postSolution
		SolutionGuid = {BE32DAA5-D4F3-4D48-8C4D-FFCA6492903E}
	EndGlobalSection
EndGlobal
