Microsoft Visual Studio Solution File, Format Version 12.00
# Visual Studio Version 17
VisualStudioVersion = 17.5.2.0
MinimumVisualStudioVersion = 10.0.40219.1
Project("{FAE04EC0-301F-11D3-BF4B-00C04F79EFBC}") = "XamXpert", "XamXpert.csproj", "{9AEB4242-2BD3-292D-0B08-E6B7D558E167}"
EndProject
Global
	GlobalSection(SolutionConfigurationPlatforms) = preSolution
		Debug|Any CPU = Debug|Any CPU
		Release|Any CPU = Release|Any CPU
	EndGlobalSection
	GlobalSection(ProjectConfigurationPlatforms) = postSolution
		{9AEB4242-2BD3-292D-0B08-E6B7D558E167}.Debug|Any CPU.ActiveCfg = Debug|Any CPU
		{9AEB4242-2BD3-292D-0B08-E6B7D558E167}.Debug|Any CPU.Build.0 = Debug|Any CPU
		{9AEB4242-2BD3-292D-0B08-E6B7D558E167}.Release|Any CPU.ActiveCfg = Release|Any CPU
		{9AEB4242-2BD3-292D-0B08-E6B7D558E167}.Release|Any CPU.Build.0 = Release|Any CPU
	EndGlobalSection
	GlobalSection(SolutionProperties) = preSolution
		HideSolutionNode = FALSE
	EndGlobalSection
	GlobalSection(ExtensibilityGlobals) = postSolution
		SolutionGuid = {EBF3EE36-CD20-43BF-9A4C-B52A7BAFD292}
	EndGlobalSection
EndGlobal
