Microsoft Visual Studio Solution File, Format Version 12.00
# Visual Studio Version 17
VisualStudioVersion = 17.5.2.0
MinimumVisualStudioVersion = 10.0.40219.1
Project("{FAE04EC0-301F-11D3-BF4B-00C04F79EFBC}") = "StudentMarksAnalyzer", "StudentMarksAnalyzer.csproj", "{DE11C59C-9DA0-736C-A595-F5E08353F63E}"
EndProject
Global
	GlobalSection(SolutionConfigurationPlatforms) = preSolution
		Debug|Any CPU = Debug|Any CPU
		Release|Any CPU = Release|Any CPU
	EndGlobalSection
	GlobalSection(ProjectConfigurationPlatforms) = postSolution
		{DE11C59C-9DA0-736C-A595-F5E08353F63E}.Debug|Any CPU.ActiveCfg = Debug|Any CPU
		{DE11C59C-9DA0-736C-A595-F5E08353F63E}.Debug|Any CPU.Build.0 = Debug|Any CPU
		{DE11C59C-9DA0-736C-A595-F5E08353F63E}.Release|Any CPU.ActiveCfg = Release|Any CPU
		{DE11C59C-9DA0-736C-A595-F5E08353F63E}.Release|Any CPU.Build.0 = Release|Any CPU
	EndGlobalSection
	GlobalSection(SolutionProperties) = preSolution
		HideSolutionNode = FALSE
	EndGlobalSection
	GlobalSection(ExtensibilityGlobals) = postSolution
		SolutionGuid = {B57407E9-7849-45B5-A264-D4696FCA6C9F}
	EndGlobalSection
EndGlobal
