Microsoft Visual Studio Solution File, Format Version 12.00
# Visual Studio Version 17
VisualStudioVersion = 17.5.2.0
MinimumVisualStudioVersion = 10.0.40219.1
Project("{FAE04EC0-301F-11D3-BF4B-00C04F79EFBC}") = "BroadBandPlans", "BroadBandPlans.csproj", "{2D26D505-787C-D0EF-50DF-871259CA4CAB}"
EndProject
Global
	GlobalSection(SolutionConfigurationPlatforms) = preSolution
		Debug|Any CPU = Debug|Any CPU
		Release|Any CPU = Release|Any CPU
	EndGlobalSection
	GlobalSection(ProjectConfigurationPlatforms) = postSolution
		{2D26D505-787C-D0EF-50DF-871259CA4CAB}.Debug|Any CPU.ActiveCfg = Debug|Any CPU
		{2D26D505-787C-D0EF-50DF-871259CA4CAB}.Debug|Any CPU.Build.0 = Debug|Any CPU
		{2D26D505-787C-D0EF-50DF-871259CA4CAB}.Release|Any CPU.ActiveCfg = Release|Any CPU
		{2D26D505-787C-D0EF-50DF-871259CA4CAB}.Release|Any CPU.Build.0 = Release|Any CPU
	EndGlobalSection
	GlobalSection(SolutionProperties) = preSolution
		HideSolutionNode = FALSE
	EndGlobalSection
	GlobalSection(ExtensibilityGlobals) = postSolution
		SolutionGuid = {9DF5CCBD-35EB-45CC-AAA3-C653DBBAE193}
	EndGlobalSection
EndGlobal
