Microsoft Visual Studio Solution File, Format Version 12.00
# Visual Studio Version 17
VisualStudioVersion = 17.5.2.0
MinimumVisualStudioVersion = 10.0.40219.1
Project("{FAE04EC0-301F-11D3-BF4B-00C04F79EFBC}") = "ShipmentSystem", "ShipmentSystem.csproj", "{FABFFE55-A01E-BD01-01B7-BE59D3470BFA}"
EndProject
Global
	GlobalSection(SolutionConfigurationPlatforms) = preSolution
		Debug|Any CPU = Debug|Any CPU
		Release|Any CPU = Release|Any CPU
	EndGlobalSection
	GlobalSection(ProjectConfigurationPlatforms) = postSolution
		{FABFFE55-A01E-BD01-01B7-BE59D3470BFA}.Debug|Any CPU.ActiveCfg = Debug|Any CPU
		{FABFFE55-A01E-BD01-01B7-BE59D3470BFA}.Debug|Any CPU.Build.0 = Debug|Any CPU
		{FABFFE55-A01E-BD01-01B7-BE59D3470BFA}.Release|Any CPU.ActiveCfg = Release|Any CPU
		{FABFFE55-A01E-BD01-01B7-BE59D3470BFA}.Release|Any CPU.Build.0 = Release|Any CPU
	EndGlobalSection
	GlobalSection(SolutionProperties) = preSolution
		HideSolutionNode = FALSE
	EndGlobalSection
	GlobalSection(ExtensibilityGlobals) = postSolution
		SolutionGuid = {8ECDF6B3-C16F-454A-9F40-E0F8761E710B}
	EndGlobalSection
EndGlobal
